{
  "name": "serviceloader",
  "version": "unspecified",
  "lockfileVersion": 3,
  "requires": true,
  "packages": {
    "": {
      "name": "serviceloader",
      "version": "unspecified",
      "workspaces": [
        "packages/serviceloader-runtime",
        "packages/serviceloader-runtime-test"
      ],
      "devDependencies": {}
    },
    "node_modules/serviceloader-runtime": {
      "resolved": "packages/serviceloader-runtime",
      "link": true
    },
    "node_modules/serviceloader-runtime-test": {
      "resolved": "packages/serviceloader-runtime-test",
      "link": true
    },
    "packages/serviceloader-runtime": {
      "version": "0.0.0-unspecified",
      "devDependencies": {}
    },
    "packages/serviceloader-runtime-test": {
      "version": "0.0.0-unspecified",
      "devDependencies": {}
    }
  }
}
